
Microsoft Visual Studio Solution File, Format Version 12.00
# Visual Studio Version 17
VisualStudioVersion = 17.4.33213.308
MinimumVisualStudioVersion = 10.0.40219.1
Project("{FAE04EC0-301F-11D3-BF4B-00C04F79EFBC}") = "DeliveryKycConsoleApp", "DeliveryKycConsoleApp\DeliveryKycConsoleApp.csproj", "{FCC1FF4E-065F-4FC3-ABCD-AF9AA8AFC76A}"
EndProject
Global
	GlobalSection(SolutionConfigurationPlatforms) = preSolution
		Debug|Any CPU = Debug|Any CPU
		Release|Any CPU = Release|Any CPU
	EndGlobalSection
	GlobalSection(ProjectConfigurationPlatforms) = postSolution
		{FCC1FF4E-065F-4FC3-ABCD-AF9AA8AFC76A}.Debug|Any CPU.ActiveCfg = Debug|Any CPU
		{FCC1FF4E-065F-4FC3-ABCD-AF9AA8AFC76A}.Debug|Any CPU.Build.0 = Debug|Any CPU
		{FCC1FF4E-065F-4FC3-ABCD-AF9AA8AFC76A}.Release|Any CPU.ActiveCfg = Release|Any CPU
		{FCC1FF4E-065F-4FC3-ABCD-AF9AA8AFC76A}.Release|Any CPU.Build.0 = Release|Any CPU
	EndGlobalSection
	GlobalSection(SolutionProperties) = preSolution
		HideSolutionNode = FALSE
	EndGlobalSection
	GlobalSection(ExtensibilityGlobals) = postSolution
		SolutionGuid = {DBA36E6A-BD9C-41C2-B2F6-79F0EC7B398B}
	EndGlobalSection
EndGlobal
